
Microsoft Visual Studio Solution File, Format Version 12.00
# Visual Studio Version 17
VisualStudioVersion = 17.1.32414.318
MinimumVisualStudioVersion = 10.0.40219.1
Project("{FAE04EC0-301F-11D3-BF4B-00C04F79EFBC}") = "Zoo_Authentication_System", "Zoo_Authentication_System\Zoo_Authentication_System.csproj", "{9248823D-A6F6-4322-993A-2A27F71C6BBF}"
EndProject
Global
	GlobalSection(SolutionConfigurationPlatforms) = preSolution
		Debug|Any CPU = Debug|Any CPU
		Release|Any CPU = Release|Any CPU
	EndGlobalSection
	GlobalSection(ProjectConfigurationPlatforms) = postSolution
		{9248823D-A6F6-4322-993A-2A27F71C6BBF}.Debug|Any CPU.ActiveCfg = Debug|Any CPU
		{9248823D-A6F6-4322-993A-2A27F71C6BBF}.Debug|Any CPU.Build.0 = Debug|Any CPU
		{9248823D-A6F6-4322-993A-2A27F71C6BBF}.Release|Any CPU.ActiveCfg = Release|Any CPU
		{9248823D-A6F6-4322-993A-2A27F71C6BBF}.Release|Any CPU.Build.0 = Release|Any CPU
	EndGlobalSection
	GlobalSection(SolutionProperties) = preSolution
		HideSolutionNode = FALSE
	EndGlobalSection
	GlobalSection(ExtensibilityGlobals) = postSolution
		SolutionGuid = {2E71A2B2-BC49-466A-B66A-B6F9D06D9E6A}
	EndGlobalSection
EndGlobal
